
Microsoft Visual Studio Solution File, Format Version 12.00
# Visual Studio Version 17
VisualStudioVersion = 17.0.31903.59
MinimumVisualStudioVersion = 10.0.40219.1
Project("{E24C65DC-7377-472B-9ABA-BC803B73C61A}") = "STK-Front-Office", "STK-Front-Office\", "{775AEAA7-3009-4D7A-ABA7-38694DD42027}"
	ProjectSection(WebsiteProperties) = preProject
		TargetFrameworkMoniker = ".NETFramework,Version%3Dv4.7.2"
		Debug.AspNetCompiler.VirtualPath = "/localhost_55315"
		Debug.AspNetCompiler.PhysicalPath = "STK-Front-Office\"
		Debug.AspNetCompiler.TargetPath = "PrecompiledWeb\localhost_55315\"
		Debug.AspNetCompiler.Updateable = "true"
		Debug.AspNetCompiler.ForceOverwrite = "true"
		Debug.AspNetCompiler.FixedNames = "false"
		Debug.AspNetCompiler.Debug = "True"
		Release.AspNetCompiler.VirtualPath = "/localhost_55315"
		Release.AspNetCompiler.PhysicalPath = "STK-Front-Office\"
		Release.AspNetCompiler.TargetPath = "PrecompiledWeb\localhost_55315\"
		Release.AspNetCompiler.Updateable = "true"
		Release.AspNetCompiler.ForceOverwrite = "true"
		Release.AspNetCompiler.FixedNames = "false"
		Release.AspNetCompiler.Debug = "False"
		VWDPort = "55315"
		SlnRelativePath = "STK-Front-Office\"
		DefaultWebSiteLanguage = "Visual C#"
	EndProjectSection
EndProject
Project("{FAE04EC0-301F-11D3-BF4B-00C04F79EFBC}") = "STK-Classes", "STK-Classes\STK-Classes.csproj", "{624173F5-1888-4C09-8637-05C1C64D0AD5}"
EndProject
Project("{FAE04EC0-301F-11D3-BF4B-00C04F79EFBC}") = "STK-Testing", "STK-Testing\STK-Testing.csproj", "{39CF5327-24A7-453A-AC53-E9AF2DCEED41}"
EndProject
Project("{FAE04EC0-301F-11D3-BF4B-00C04F79EFBC}") = "STK-Back-Office", "STK-Back-Office\STK-Back-Office.csproj", "{345095D9-35C6-4BF8-A9EE-FC580B8969F3}"
EndProject
Global
	GlobalSection(SolutionConfigurationPlatforms) = preSolution
		Debug|Any CPU = Debug|Any CPU
		Release|Any CPU = Release|Any CPU
	EndGlobalSection
	GlobalSection(ProjectConfigurationPlatforms) = postSolution
		{775AEAA7-3009-4D7A-ABA7-38694DD42027}.Debug|Any CPU.ActiveCfg = Debug|Any CPU
		{775AEAA7-3009-4D7A-ABA7-38694DD42027}.Debug|Any CPU.Build.0 = Debug|Any CPU
		{775AEAA7-3009-4D7A-ABA7-38694DD42027}.Release|Any CPU.ActiveCfg = Debug|Any CPU
		{775AEAA7-3009-4D7A-ABA7-38694DD42027}.Release|Any CPU.Build.0 = Debug|Any CPU
		{624173F5-1888-4C09-8637-05C1C64D0AD5}.Debug|Any CPU.ActiveCfg = Debug|Any CPU
		{624173F5-1888-4C09-8637-05C1C64D0AD5}.Debug|Any CPU.Build.0 = Debug|Any CPU
		{624173F5-1888-4C09-8637-05C1C64D0AD5}.Release|Any CPU.ActiveCfg = Release|Any CPU
		{624173F5-1888-4C09-8637-05C1C64D0AD5}.Release|Any CPU.Build.0 = Release|Any CPU
		{39CF5327-24A7-453A-AC53-E9AF2DCEED41}.Debug|Any CPU.ActiveCfg = Debug|Any CPU
		{39CF5327-24A7-453A-AC53-E9AF2DCEED41}.Debug|Any CPU.Build.0 = Debug|Any CPU
		{39CF5327-24A7-453A-AC53-E9AF2DCEED41}.Release|Any CPU.ActiveCfg = Release|Any CPU
		{39CF5327-24A7-453A-AC53-E9AF2DCEED41}.Release|Any CPU.Build.0 = Release|Any CPU
		{345095D9-35C6-4BF8-A9EE-FC580B8969F3}.Debug|Any CPU.ActiveCfg = Debug|Any CPU
		{345095D9-35C6-4BF8-A9EE-FC580B8969F3}.Debug|Any CPU.Build.0 = Debug|Any CPU
		{345095D9-35C6-4BF8-A9EE-FC580B8969F3}.Release|Any CPU.ActiveCfg = Release|Any CPU
		{345095D9-35C6-4BF8-A9EE-FC580B8969F3}.Release|Any CPU.Build.0 = Release|Any CPU
	EndGlobalSection
	GlobalSection(SolutionProperties) = preSolution
		HideSolutionNode = FALSE
	EndGlobalSection
	GlobalSection(ExtensibilityGlobals) = postSolution
		SolutionGuid = {90A91B54-0508-46CA-9B10-FBF549E71B3C}
	EndGlobalSection
EndGlobal
